{
    "requires": true,
    "lockfileVersion": 1,
    "dependencies": {
        "datatables.net": {
            "version": "1.10.25",
            "resolved": "https://registry.npmjs.org/datatables.net/-/datatables.net-1.10.25.tgz",
            "integrity": "sha512-y0+C7all+MC/h1acwnjErhaJPjYGKpWTvbXrfEUbR8+P+nnhgjNn5nL1udgsTwBObMhlj1KITNBRrM/ZLSoj+Q==",
            "requires": {
                "jquery": ">=1.7"
            }
        },
        "datatables.net-bs4": {
            "version": "1.10.25",
            "resolved": "https://registry.npmjs.org/datatables.net-bs4/-/datatables.net-bs4-1.10.25.tgz",
            "integrity": "sha512-leoiWJWxoPKHBNC9dkFRE84PRybQcAI2Aw4UiS5zisROcYRx8YG1uQOTtID4jbqakmbwwXap/c2eH+sdVP5t2w==",
            "requires": {
                "datatables.net": "1.10.25",
                "jquery": ">=1.7"
            }
        },
        "datatables.net-buttons": {
            "version": "1.7.1",
            "resolved": "https://registry.npmjs.org/datatables.net-buttons/-/datatables.net-buttons-1.7.1.tgz",
            "integrity": "sha512-D2OxZeR18jhSx+l0xcfAJzfUH7l3LHCu0e606fV7+v3hMhphOfljjZYLaiRmGiR9lqO/f5xE/w2a+OtG/QMavw==",
            "requires": {
                "datatables.net": "^1.10.15",
                "jquery": ">=1.7"
            }
        },
        "datatables.net-buttons-bs4": {
            "version": "1.7.1",
            "resolved": "https://registry.npmjs.org/datatables.net-buttons-bs4/-/datatables.net-buttons-bs4-1.7.1.tgz",
            "integrity": "sha512-s+fwsgAAWp7mOKwuztPH06kaw2JNAJ71VNTw/TqGQTL6BK9FshweDKZSRIB/ePcc/Psiy8fhNEj3XHxx4OO6BA==",
            "requires": {
                "datatables.net-bs4": "^1.10.15",
                "datatables.net-buttons": "1.7.1",
                "jquery": ">=1.7"
            }
        },
        "jquery": {
            "version": "3.6.0",
            "resolved": "https://registry.npmjs.org/jquery/-/jquery-3.6.0.tgz",
            "integrity": "sha512-JVzAR/AjBvVt2BmYhxRCSYysDsPcssdmTFnzyLEts9qNwmjmu4JTAMYubEfwVOSwpQ1I1sKKFcxhZCI2buerfw=="
        }
    }
}
